# THIS IS AN AUTOGENERATED FILE. DO NOT EDIT THIS FILE DIRECTLY.
# yarn lockfile v1


swiper@^11.0.7:
  version "11.0.7"
  resolved "https://registry.yarnpkg.com/swiper/-/swiper-11.0.7.tgz#fe51bb64546c2c21a1ec6914e7764af953443ded"
  integrity sha512-cDfglW1B6uSmB6eB6pNmzDTNLmZtu5bWWa1vak0RU7fOI9qHjMzl7gVBvYSl34b0RU2N11HxxETJqQ5LeqI1cA==
